
Microsoft Visual Studio Solution File, Format Version 12.00
# Visual Studio Express 2012 for Windows Desktop
Project("{FAE04EC0-301F-11D3-BF4B-00C04F79EFBC}") = "AntiqueShop", "WindowsFormsApplication11\AntiqueShop.csproj", "{67C7C864-A9B1-4467-B5A7-4FC253A10358}"
EndProject
Global
	GlobalSection(SolutionConfigurationPlatforms) = preSolution
		Debug|Any CPU = Debug|Any CPU
		Release|Any CPU = Release|Any CPU
	EndGlobalSection
	GlobalSection(ProjectConfigurationPlatforms) = postSolution
		{67C7C864-A9B1-4467-B5A7-4FC253A10358}.Debug|Any CPU.ActiveCfg = Debug|Any CPU
		{67C7C864-A9B1-4467-B5A7-4FC253A10358}.Debug|Any CPU.Build.0 = Debug|Any CPU
		{67C7C864-A9B1-4467-B5A7-4FC253A10358}.Release|Any CPU.ActiveCfg = Release|Any CPU
		{67C7C864-A9B1-4467-B5A7-4FC253A10358}.Release|Any CPU.Build.0 = Release|Any CPU
	EndGlobalSection
	GlobalSection(SolutionProperties) = preSolution
		HideSolutionNode = FALSE
	EndGlobalSection
EndGlobal
